
Microsoft Visual Studio Solution File, Format Version 12.00
# Visual Studio 15
VisualStudioVersion = 15.0.27703.2000
MinimumVisualStudioVersion = 10.0.40219.1
Project("{FAE04EC0-301F-11D3-BF4B-00C04F79EFBC}") = "PostavitveUWPVaja2", "PostavitveUWPVaja2\PostavitveUWPVaja2.csproj", "{FAC55C93-753C-4187-912D-D99203B9D4AE}"
EndProject
Global
	GlobalSection(SolutionConfigurationPlatforms) = preSolution
		Debug|ARM = Debug|ARM
		Debug|x64 = Debug|x64
		Debug|x86 = Debug|x86
		Release|ARM = Release|ARM
		Release|x64 = Release|x64
		Release|x86 = Release|x86
	EndGlobalSection
	GlobalSection(ProjectConfigurationPlatforms) = postSolution
		{FAC55C93-753C-4187-912D-D99203B9D4AE}.Debug|ARM.ActiveCfg = Debug|ARM
		{FAC55C93-753C-4187-912D-D99203B9D4AE}.Debug|ARM.Build.0 = Debug|ARM
		{FAC55C93-753C-4187-912D-D99203B9D4AE}.Debug|ARM.Deploy.0 = Debug|ARM
		{FAC55C93-753C-4187-912D-D99203B9D4AE}.Debug|x64.ActiveCfg = Debug|x64
		{FAC55C93-753C-4187-912D-D99203B9D4AE}.Debug|x64.Build.0 = Debug|x64
		{FAC55C93-753C-4187-912D-D99203B9D4AE}.Debug|x64.Deploy.0 = Debug|x64
		{FAC55C93-753C-4187-912D-D99203B9D4AE}.Debug|x86.ActiveCfg = Debug|x86
		{FAC55C93-753C-4187-912D-D99203B9D4AE}.Debug|x86.Build.0 = Debug|x86
		{FAC55C93-753C-4187-912D-D99203B9D4AE}.Debug|x86.Deploy.0 = Debug|x86
		{FAC55C93-753C-4187-912D-D99203B9D4AE}.Release|ARM.ActiveCfg = Release|ARM
		{FAC55C93-753C-4187-912D-D99203B9D4AE}.Release|ARM.Build.0 = Release|ARM
		{FAC55C93-753C-4187-912D-D99203B9D4AE}.Release|ARM.Deploy.0 = Release|ARM
		{FAC55C93-753C-4187-912D-D99203B9D4AE}.Release|x64.ActiveCfg = Release|x64
		{FAC55C93-753C-4187-912D-D99203B9D4AE}.Release|x64.Build.0 = Release|x64
		{FAC55C93-753C-4187-912D-D99203B9D4AE}.Release|x64.Deploy.0 = Release|x64
		{FAC55C93-753C-4187-912D-D99203B9D4AE}.Release|x86.ActiveCfg = Release|x86
		{FAC55C93-753C-4187-912D-D99203B9D4AE}.Release|x86.Build.0 = Release|x86
		{FAC55C93-753C-4187-912D-D99203B9D4AE}.Release|x86.Deploy.0 = Release|x86
	EndGlobalSection
	GlobalSection(SolutionProperties) = preSolution
		HideSolutionNode = FALSE
	EndGlobalSection
	GlobalSection(ExtensibilityGlobals) = postSolution
		SolutionGuid = {3FF53F72-70B0-4335-AA76-3EB9188D2BF8}
	EndGlobalSection
EndGlobal
