
Microsoft Visual Studio Solution File, Format Version 12.00
# Visual Studio 15
VisualStudioVersion = 15.0.27428.2037
MinimumVisualStudioVersion = 10.0.40219.1
Project("{FAE04EC0-301F-11D3-BF4B-00C04F79EFBC}") = "Program", "Program\Program.csproj", "{6D84EC7A-262F-4FA6-B04B-E838FE4C0D37}"
EndProject
Global
	GlobalSection(SolutionConfigurationPlatforms) = preSolution
		Debug|Any CPU = Debug|Any CPU
		Release|Any CPU = Release|Any CPU
	EndGlobalSection
	GlobalSection(ProjectConfigurationPlatforms) = postSolution
		{6D84EC7A-262F-4FA6-B04B-E838FE4C0D37}.Debug|Any CPU.ActiveCfg = Debug|Any CPU
		{6D84EC7A-262F-4FA6-B04B-E838FE4C0D37}.Debug|Any CPU.Build.0 = Debug|Any CPU
		{6D84EC7A-262F-4FA6-B04B-E838FE4C0D37}.Release|Any CPU.ActiveCfg = Release|Any CPU
		{6D84EC7A-262F-4FA6-B04B-E838FE4C0D37}.Release|Any CPU.Build.0 = Release|Any CPU
	EndGlobalSection
	GlobalSection(SolutionProperties) = preSolution
		HideSolutionNode = FALSE
	EndGlobalSection
	GlobalSection(ExtensibilityGlobals) = postSolution
		SolutionGuid = {4A9C55EE-854C-40C6-97CD-B80C81CE07A7}
	EndGlobalSection
EndGlobal
