
Microsoft Visual Studio Solution File, Format Version 12.00
# Visual Studio 15
VisualStudioVersion = 15.0.27428.2037
MinimumVisualStudioVersion = 10.0.40219.1
Project("{FAE04EC0-301F-11D3-BF4B-00C04F79EFBC}") = "VajaNavBarBootsrap", "VajaNavBarBootsrap\VajaNavBarBootsrap.csproj", "{EF5F00DF-0597-403C-8237-F3BBD870BFF0}"
EndProject
Global
	GlobalSection(SolutionConfigurationPlatforms) = preSolution
		Debug|Any CPU = Debug|Any CPU
		Release|Any CPU = Release|Any CPU
	EndGlobalSection
	GlobalSection(ProjectConfigurationPlatforms) = postSolution
		{EF5F00DF-0597-403C-8237-F3BBD870BFF0}.Debug|Any CPU.ActiveCfg = Debug|Any CPU
		{EF5F00DF-0597-403C-8237-F3BBD870BFF0}.Debug|Any CPU.Build.0 = Debug|Any CPU
		{EF5F00DF-0597-403C-8237-F3BBD870BFF0}.Release|Any CPU.ActiveCfg = Release|Any CPU
		{EF5F00DF-0597-403C-8237-F3BBD870BFF0}.Release|Any CPU.Build.0 = Release|Any CPU
	EndGlobalSection
	GlobalSection(SolutionProperties) = preSolution
		HideSolutionNode = FALSE
	EndGlobalSection
	GlobalSection(ExtensibilityGlobals) = postSolution
		SolutionGuid = {60D0E82C-C03D-4787-916B-0933C0D976DC}
	EndGlobalSection
EndGlobal
